{
    "name": "rules_prerender",
    "version": "0.1.0",
    "lockfileVersion": 1,
    "requires": true,
    "dependencies": {
        "@bazel/bazelisk": {
            "version": "1.7.3",
            "resolved": "https://registry.npmjs.org/@bazel/bazelisk/-/bazelisk-1.7.3.tgz",
            "integrity": "sha512-A+QLZvKifKnbFawH5aaCnooPx0Ia5JS3S8SckKB034GVB3BjtUTCwjaxzxG3ARQ6Jq1vDcQwWgF2bjT9FjrdDg==",
            "dev": true
        },
        "@bazel/buildifier": {
            "version": "3.5.0",
            "resolved": "https://registry.npmjs.org/@bazel/buildifier/-/buildifier-3.5.0.tgz",
            "integrity": "sha512-cbUS0/GMg57g6NIg6JekgmqVtuobYzW4aGHk7KzMS/bFZvxg6WY19JJ5UZSzGyAGDu2152oUTFbh4WN74Fz1+Q==",
            "dev": true
        },
        "@bazel/ibazel": {
            "version": "0.14.0",
            "resolved": "https://registry.npmjs.org/@bazel/ibazel/-/ibazel-0.14.0.tgz",
            "integrity": "sha512-s0gyec6lArcRDwVfIP6xpY8iEaFpzrSpyErSppd3r2O49pOEg7n6HGS/qJ8ncvme56vrDk6crl/kQ6VAdEO+rg==",
            "dev": true
        }
    }
}
